{
  "name": "vigil-sdk-consumer",
  "version": "1.0.0",
  "lockfileVersion": 3,
  "requires": true,
  "packages": {
    "": {
      "name": "vigil-sdk-consumer",
      "version": "1.0.0",
      "license": "ISC",
      "dependencies": {
        "@vigil/sdk": "file:../packages/sdk/vigil-sdk-0.1.0.tgz"
      }
    },
    "node_modules/@vigil/sdk": {
      "version": "0.1.0",
      "resolved": "file:../packages/sdk/vigil-sdk-0.1.0.tgz",
      "integrity": "sha512-sUrcMiGA7p7L3NJFrBMtx0fZkQDEeF6Dm1NvCyz8WOQ6RwV3yb/VJUOLzUuLQKs+kN+oiT9Pv48ZgetCUTR0ng==",
      "license": "MIT",
      "engines": {
        "node": ">=18"
      }
    }
  }
}
